
Microsoft Visual Studio Solution File, Format Version 12.00
# Visual Studio Version 17
VisualStudioVersion = 17.5.33516.290
MinimumVisualStudioVersion = 10.0.40219.1
Project("{FAE04EC0-301F-11D3-BF4B-00C04F79EFBC}") = "LR3_Task2", "LR3_Task2\LR3_Task2.csproj", "{384F29E0-CC7B-4FF7-8AB1-C5234F018EDB}"
EndProject
Global
	GlobalSection(SolutionConfigurationPlatforms) = preSolution
		Debug|Any CPU = Debug|Any CPU
		Release|Any CPU = Release|Any CPU
	EndGlobalSection
	GlobalSection(ProjectConfigurationPlatforms) = postSolution
		{384F29E0-CC7B-4FF7-8AB1-C5234F018EDB}.Debug|Any CPU.ActiveCfg = Debug|Any CPU
		{384F29E0-CC7B-4FF7-8AB1-C5234F018EDB}.Debug|Any CPU.Build.0 = Debug|Any CPU
		{384F29E0-CC7B-4FF7-8AB1-C5234F018EDB}.Release|Any CPU.ActiveCfg = Release|Any CPU
		{384F29E0-CC7B-4FF7-8AB1-C5234F018EDB}.Release|Any CPU.Build.0 = Release|Any CPU
	EndGlobalSection
	GlobalSection(SolutionProperties) = preSolution
		HideSolutionNode = FALSE
	EndGlobalSection
	GlobalSection(ExtensibilityGlobals) = postSolution
		SolutionGuid = {EDC125B4-2946-4E9F-95C1-1601F9EB76B9}
	EndGlobalSection
EndGlobal
